
Microsoft Visual Studio Solution File, Format Version 12.00
# Visual Studio Version 17
VisualStudioVersion = 17.7.34031.279
MinimumVisualStudioVersion = 10.0.40219.1
Project("{FAE04EC0-301F-11D3-BF4B-00C04F79EFBC}") = "Array_4", "Array_4\Array_4.csproj", "{72ACA8E1-0E5F-4140-8B08-54256D44FC91}"
EndProject
Global
	GlobalSection(SolutionConfigurationPlatforms) = preSolution
		Debug|Any CPU = Debug|Any CPU
		Release|Any CPU = Release|Any CPU
	EndGlobalSection
	GlobalSection(ProjectConfigurationPlatforms) = postSolution
		{72ACA8E1-0E5F-4140-8B08-54256D44FC91}.Debug|Any CPU.ActiveCfg = Debug|Any CPU
		{72ACA8E1-0E5F-4140-8B08-54256D44FC91}.Debug|Any CPU.Build.0 = Debug|Any CPU
		{72ACA8E1-0E5F-4140-8B08-54256D44FC91}.Release|Any CPU.ActiveCfg = Release|Any CPU
		{72ACA8E1-0E5F-4140-8B08-54256D44FC91}.Release|Any CPU.Build.0 = Release|Any CPU
	EndGlobalSection
	GlobalSection(SolutionProperties) = preSolution
		HideSolutionNode = FALSE
	EndGlobalSection
	GlobalSection(ExtensibilityGlobals) = postSolution
		SolutionGuid = {69B7FE7B-C9EE-491E-AFFD-C97C87D15428}
	EndGlobalSection
EndGlobal
