
Microsoft Visual Studio Solution File, Format Version 12.00
# Visual Studio Version 17
VisualStudioVersion = 17.7.34031.279
MinimumVisualStudioVersion = 10.0.40219.1
Project("{FAE04EC0-301F-11D3-BF4B-00C04F79EFBC}") = "Arrays_1", "Arrays_1\Arrays_1.csproj", "{8A89F5F8-FB90-4CDD-B41E-BBFA734151CB}"
EndProject
Global
	GlobalSection(SolutionConfigurationPlatforms) = preSolution
		Debug|Any CPU = Debug|Any CPU
		Release|Any CPU = Release|Any CPU
	EndGlobalSection
	GlobalSection(ProjectConfigurationPlatforms) = postSolution
		{8A89F5F8-FB90-4CDD-B41E-BBFA734151CB}.Debug|Any CPU.ActiveCfg = Debug|Any CPU
		{8A89F5F8-FB90-4CDD-B41E-BBFA734151CB}.Debug|Any CPU.Build.0 = Debug|Any CPU
		{8A89F5F8-FB90-4CDD-B41E-BBFA734151CB}.Release|Any CPU.ActiveCfg = Release|Any CPU
		{8A89F5F8-FB90-4CDD-B41E-BBFA734151CB}.Release|Any CPU.Build.0 = Release|Any CPU
	EndGlobalSection
	GlobalSection(SolutionProperties) = preSolution
		HideSolutionNode = FALSE
	EndGlobalSection
	GlobalSection(ExtensibilityGlobals) = postSolution
		SolutionGuid = {ADCD702C-9BDA-4490-97CA-631A5D1D5409}
	EndGlobalSection
EndGlobal
