
Microsoft Visual Studio Solution File, Format Version 12.00
# Visual Studio Version 17
VisualStudioVersion = 17.7.34031.279
MinimumVisualStudioVersion = 10.0.40219.1
Project("{9A19103F-16F7-4668-BE54-9A1E7A4F7556}") = "methods_1", "methods_1\methods_1.csproj", "{ECE74532-7217-4B1C-A4AC-697B9B5FE097}"
EndProject
Project("{FAE04EC0-301F-11D3-BF4B-00C04F79EFBC}") = "methods_1Tests", "methods_1Tests\methods_1Tests.csproj", "{9FCF73B9-C064-442C-9544-8CA2264330F5}"
EndProject
Global
	GlobalSection(SolutionConfigurationPlatforms) = preSolution
		Debug|Any CPU = Debug|Any CPU
		Release|Any CPU = Release|Any CPU
	EndGlobalSection
	GlobalSection(ProjectConfigurationPlatforms) = postSolution
		{ECE74532-7217-4B1C-A4AC-697B9B5FE097}.Debug|Any CPU.ActiveCfg = Debug|Any CPU
		{ECE74532-7217-4B1C-A4AC-697B9B5FE097}.Debug|Any CPU.Build.0 = Debug|Any CPU
		{ECE74532-7217-4B1C-A4AC-697B9B5FE097}.Release|Any CPU.ActiveCfg = Release|Any CPU
		{ECE74532-7217-4B1C-A4AC-697B9B5FE097}.Release|Any CPU.Build.0 = Release|Any CPU
		{9FCF73B9-C064-442C-9544-8CA2264330F5}.Debug|Any CPU.ActiveCfg = Debug|Any CPU
		{9FCF73B9-C064-442C-9544-8CA2264330F5}.Debug|Any CPU.Build.0 = Debug|Any CPU
		{9FCF73B9-C064-442C-9544-8CA2264330F5}.Release|Any CPU.ActiveCfg = Release|Any CPU
		{9FCF73B9-C064-442C-9544-8CA2264330F5}.Release|Any CPU.Build.0 = Release|Any CPU
	EndGlobalSection
	GlobalSection(SolutionProperties) = preSolution
		HideSolutionNode = FALSE
	EndGlobalSection
	GlobalSection(ExtensibilityGlobals) = postSolution
		SolutionGuid = {BB94292C-C10B-4EFF-81EF-041280DB23B3}
	EndGlobalSection
EndGlobal
