
Microsoft Visual Studio Solution File, Format Version 12.00
# Visual Studio Version 17
VisualStudioVersion = 17.7.34031.279
MinimumVisualStudioVersion = 10.0.40219.1
Project("{FAE04EC0-301F-11D3-BF4B-00C04F79EFBC}") = "Arrays_7", "Arrays_7\Arrays_7.csproj", "{24FF0AB9-3E4B-47A1-895C-07A8B7EAC4F4}"
EndProject
Global
	GlobalSection(SolutionConfigurationPlatforms) = preSolution
		Debug|Any CPU = Debug|Any CPU
		Release|Any CPU = Release|Any CPU
	EndGlobalSection
	GlobalSection(ProjectConfigurationPlatforms) = postSolution
		{24FF0AB9-3E4B-47A1-895C-07A8B7EAC4F4}.Debug|Any CPU.ActiveCfg = Debug|Any CPU
		{24FF0AB9-3E4B-47A1-895C-07A8B7EAC4F4}.Debug|Any CPU.Build.0 = Debug|Any CPU
		{24FF0AB9-3E4B-47A1-895C-07A8B7EAC4F4}.Release|Any CPU.ActiveCfg = Release|Any CPU
		{24FF0AB9-3E4B-47A1-895C-07A8B7EAC4F4}.Release|Any CPU.Build.0 = Release|Any CPU
	EndGlobalSection
	GlobalSection(SolutionProperties) = preSolution
		HideSolutionNode = FALSE
	EndGlobalSection
	GlobalSection(ExtensibilityGlobals) = postSolution
		SolutionGuid = {49C4145B-42CC-47A9-A7A8-05A0954D48EF}
	EndGlobalSection
EndGlobal
